
Microsoft Visual Studio Solution File, Format Version 12.00
# Visual Studio Version 17
VisualStudioVersion = 17.0.31919.166
MinimumVisualStudioVersion = 10.0.40219.1
Project("{FAE04EC0-301F-11D3-BF4B-00C04F79EFBC}") = "MyNorthwindWithEfCoreCodeFirst", "MyNorthwindWithEfCoreCodeFirst\MyNorthwindWithEfCoreCodeFirst.csproj", "{8BA8C301-7D97-44CB-BDBA-6060EB94752B}"
EndProject
Global
	GlobalSection(SolutionConfigurationPlatforms) = preSolution
		Debug|Any CPU = Debug|Any CPU
		Release|Any CPU = Release|Any CPU
	EndGlobalSection
	GlobalSection(ProjectConfigurationPlatforms) = postSolution
		{8BA8C301-7D97-44CB-BDBA-6060EB94752B}.Debug|Any CPU.ActiveCfg = Debug|Any CPU
		{8BA8C301-7D97-44CB-BDBA-6060EB94752B}.Debug|Any CPU.Build.0 = Debug|Any CPU
		{8BA8C301-7D97-44CB-BDBA-6060EB94752B}.Release|Any CPU.ActiveCfg = Release|Any CPU
		{8BA8C301-7D97-44CB-BDBA-6060EB94752B}.Release|Any CPU.Build.0 = Release|Any CPU
	EndGlobalSection
	GlobalSection(SolutionProperties) = preSolution
		HideSolutionNode = FALSE
	EndGlobalSection
	GlobalSection(ExtensibilityGlobals) = postSolution
		SolutionGuid = {E4909930-DE92-4565-9FE9-2DE0A0187F6E}
	EndGlobalSection
EndGlobal
